# This file is automatically @generated by Cargo.
# It is not intended for manual editing.
version = 3

[[package]]
name = "iter-freq"
version = "0.1.0"

[[package]]
name = "iter-to-arr"
version = "0.1.0"

[[package]]
name = "iter-with-last"
version = "0.1.0"

[[package]]
name = "string-builder"
version = "0.1.0"
